{
  "requires": true,
  "lockfileVersion": 1,
  "dependencies": {
    "big-gray-al-palindrome": {
      "version": "0.1.0",
      "resolved": "https://registry.npmjs.org/big-gray-al-palindrome/-/big-gray-al-palindrome-0.1.0.tgz",
      "integrity": "sha512-D3nt1z0xeFY11/zT5CDxblTgcnd9pVAtbZ9+N3Zp2P5jBqC0DD7wS2LYfVLAqdvuwWGDUc5Z3EV6BWFT3ShkTQ=="
    }
  }
}
